
Microsoft Visual Studio Solution File, Format Version 12.00
# Visual Studio 15
VisualStudioVersion = 15.0.27428.2037
MinimumVisualStudioVersion = 10.0.40219.1
Project("{FAE04EC0-301F-11D3-BF4B-00C04F79EFBC}") = "Calculator", "Calculator\Calculator\Calculator.csproj", "{AC21CA35-6CB1-427F-9D34-12CE1C40D104}"
EndProject
Project("{FAE04EC0-301F-11D3-BF4B-00C04F79EFBC}") = "Calculator.Android", "Calculator\Calculator.Android\Calculator.Android.csproj", "{ED1F0F23-3EE0-412D-9417-9D0E83FEF670}"
EndProject
Global
	GlobalSection(SolutionConfigurationPlatforms) = preSolution
		Debug|Any CPU = Debug|Any CPU
		Release|Any CPU = Release|Any CPU
	EndGlobalSection
	GlobalSection(ProjectConfigurationPlatforms) = postSolution
		{AC21CA35-6CB1-427F-9D34-12CE1C40D104}.Debug|Any CPU.ActiveCfg = Debug|Any CPU
		{AC21CA35-6CB1-427F-9D34-12CE1C40D104}.Debug|Any CPU.Build.0 = Debug|Any CPU
		{AC21CA35-6CB1-427F-9D34-12CE1C40D104}.Release|Any CPU.ActiveCfg = Release|Any CPU
		{AC21CA35-6CB1-427F-9D34-12CE1C40D104}.Release|Any CPU.Build.0 = Release|Any CPU
		{ED1F0F23-3EE0-412D-9417-9D0E83FEF670}.Debug|Any CPU.ActiveCfg = Debug|Any CPU
		{ED1F0F23-3EE0-412D-9417-9D0E83FEF670}.Debug|Any CPU.Build.0 = Debug|Any CPU
		{ED1F0F23-3EE0-412D-9417-9D0E83FEF670}.Debug|Any CPU.Deploy.0 = Debug|Any CPU
		{ED1F0F23-3EE0-412D-9417-9D0E83FEF670}.Release|Any CPU.ActiveCfg = Release|Any CPU
		{ED1F0F23-3EE0-412D-9417-9D0E83FEF670}.Release|Any CPU.Build.0 = Release|Any CPU
		{ED1F0F23-3EE0-412D-9417-9D0E83FEF670}.Release|Any CPU.Deploy.0 = Release|Any CPU
	EndGlobalSection
	GlobalSection(SolutionProperties) = preSolution
		HideSolutionNode = FALSE
	EndGlobalSection
	GlobalSection(ExtensibilityGlobals) = postSolution
		SolutionGuid = {1EC27C73-9B69-41F1-8F07-5A99899C4498}
	EndGlobalSection
EndGlobal
